
Microsoft Visual Studio Solution File, Format Version 12.00
# Visual Studio Version 17
VisualStudioVersion = 17.8.34227.203
MinimumVisualStudioVersion = 10.0.40219.1
Project("{FAE04EC0-301F-11D3-BF4B-00C04F79EFBC}") = "RedMango_API", "RedMango_API\RedMango_API.csproj", "{2C61D110-F8CF-47A7-A236-B6EEFE831450}"
EndProject
Global
	GlobalSection(SolutionConfigurationPlatforms) = preSolution
		Debug|Any CPU = Debug|Any CPU
		Release|Any CPU = Release|Any CPU
	EndGlobalSection
	GlobalSection(ProjectConfigurationPlatforms) = postSolution
		{2C61D110-F8CF-47A7-A236-B6EEFE831450}.Debug|Any CPU.ActiveCfg = Debug|Any CPU
		{2C61D110-F8CF-47A7-A236-B6EEFE831450}.Debug|Any CPU.Build.0 = Debug|Any CPU
		{2C61D110-F8CF-47A7-A236-B6EEFE831450}.Release|Any CPU.ActiveCfg = Release|Any CPU
		{2C61D110-F8CF-47A7-A236-B6EEFE831450}.Release|Any CPU.Build.0 = Release|Any CPU
	EndGlobalSection
	GlobalSection(SolutionProperties) = preSolution
		HideSolutionNode = FALSE
	EndGlobalSection
	GlobalSection(ExtensibilityGlobals) = postSolution
		SolutionGuid = {B5F6D82E-D398-4D91-AB53-77D137599D6C}
	EndGlobalSection
EndGlobal
